
Microsoft Visual Studio Solution File, Format Version 12.00
# Visual Studio Version 17
VisualStudioVersion = 17.14.36518.9
MinimumVisualStudioVersion = 10.0.40219.1
Project("{FAE04EC0-301F-11D3-BF4B-00C04F79EFBC}") = "WeightPlatePlugin", "WeightPlatePlugin\WeightPlatePlugin.csproj", "{76E0F6E5-356D-4859-BA05-FF7198F54B48}"
EndProject
Project("{FAE04EC0-301F-11D3-BF4B-00C04F79EFBC}") = "WeightPlatePluginTests", "WeightPlatePluginTests\WeightPlatePluginTests.csproj", "{3CDBB121-144F-439F-9847-DC95ADC9CA26}"
EndProject
Global
	GlobalSection(SolutionConfigurationPlatforms) = preSolution
		Debug|Any CPU = Debug|Any CPU
		Release|Any CPU = Release|Any CPU
	EndGlobalSection
	GlobalSection(ProjectConfigurationPlatforms) = postSolution
		{76E0F6E5-356D-4859-BA05-FF7198F54B48}.Debug|Any CPU.ActiveCfg = Debug|Any CPU
		{76E0F6E5-356D-4859-BA05-FF7198F54B48}.Debug|Any CPU.Build.0 = Debug|Any CPU
		{76E0F6E5-356D-4859-BA05-FF7198F54B48}.Release|Any CPU.ActiveCfg = Release|Any CPU
		{76E0F6E5-356D-4859-BA05-FF7198F54B48}.Release|Any CPU.Build.0 = Release|Any CPU
		{3CDBB121-144F-439F-9847-DC95ADC9CA26}.Debug|Any CPU.ActiveCfg = Debug|Any CPU
		{3CDBB121-144F-439F-9847-DC95ADC9CA26}.Debug|Any CPU.Build.0 = Debug|Any CPU
		{3CDBB121-144F-439F-9847-DC95ADC9CA26}.Release|Any CPU.ActiveCfg = Release|Any CPU
		{3CDBB121-144F-439F-9847-DC95ADC9CA26}.Release|Any CPU.Build.0 = Release|Any CPU
	EndGlobalSection
	GlobalSection(SolutionProperties) = preSolution
		HideSolutionNode = FALSE
	EndGlobalSection
	GlobalSection(ExtensibilityGlobals) = postSolution
		SolutionGuid = {2C05F6A7-416A-4B81-96D2-E205F5299801}
	EndGlobalSection
EndGlobal
